
Microsoft Visual Studio Solution File, Format Version 12.00
# Visual Studio 15
VisualStudioVersion = 15.0.28010.2041
MinimumVisualStudioVersion = 10.0.40219.1
Project("{F184B08F-C81C-45F6-A57F-5ABD9991F28F}") = "Teste", "Teste\Teste.vbproj", "{65F331EC-4880-4C9F-B816-E0FAE85A6004}"
EndProject
Global
	GlobalSection(SolutionConfigurationPlatforms) = preSolution
		Debug|Any CPU = Debug|Any CPU
		Release|Any CPU = Release|Any CPU
	EndGlobalSection
	GlobalSection(ProjectConfigurationPlatforms) = postSolution
		{65F331EC-4880-4C9F-B816-E0FAE85A6004}.Debug|Any CPU.ActiveCfg = Debug|Any CPU
		{65F331EC-4880-4C9F-B816-E0FAE85A6004}.Debug|Any CPU.Build.0 = Debug|Any CPU
		{65F331EC-4880-4C9F-B816-E0FAE85A6004}.Release|Any CPU.ActiveCfg = Release|Any CPU
		{65F331EC-4880-4C9F-B816-E0FAE85A6004}.Release|Any CPU.Build.0 = Release|Any CPU
	EndGlobalSection
	GlobalSection(SolutionProperties) = preSolution
		HideSolutionNode = FALSE
	EndGlobalSection
	GlobalSection(ExtensibilityGlobals) = postSolution
		SolutionGuid = {F585AE73-CAF6-4A88-8610-FB4EB67B1CC6}
	EndGlobalSection
EndGlobal
